// !$*UTF8*$!
{
	archiveVersion = 1;
	classes = {
	};
	objectVersion = 51;
	objects = {

/* Begin PBXBuildFile section */
		4EFD53088C6632A9C2BE8849 /* Pods_Wassup.framework in Frameworks */ = {isa = PBXBuildFile; fileRef = 46D2FD4E33AA1AD13637548A /* Pods_Wassup.framework */; };
		5448B66024CD99E200546151 /* AppDelegate.swift in Sources */ = {isa = PBXBuildFile; fileRef = 5448B65F24CD99E200546151 /* AppDelegate.swift */; };
		5448B66224CD99E200546151 /* SceneDelegate.swift in Sources */ = {isa = PBXBuildFile; fileRef = 5448B66124CD99E200546151 /* SceneDelegate.swift */; };
		5448B66424CD99E200546151 /* AddPhoneNumberViewController.swift in Sources */ = {isa = PBXBuildFile; fileRef = 5448B66324CD99E200546151 /* AddPhoneNumberViewController.swift */; };
		5448B66724CD99E200546151 /* Main.storyboard in Resources */ = {isa = PBXBuildFile; fileRef = 5448B66524CD99E200546151 /* Main.storyboard */; };
		5448B66A24CD99E200546151 /* Wassup.xcdatamodeld in Sources */ = {isa = PBXBuildFile; fileRef = 5448B66824CD99E200546151 /* Wassup.xcdatamodeld */; };
		5448B66C24CD99E600546151 /* Assets.xcassets in Resources */ = {isa = PBXBuildFile; fileRef = 5448B66B24CD99E600546151 /* Assets.xcassets */; };
		5448B66F24CD99E600546151 /* LaunchScreen.storyboard in Resources */ = {isa = PBXBuildFile; fileRef = 5448B66D24CD99E600546151 /* LaunchScreen.storyboard */; };
		5448B67A24CD99E600546151 /* WassupTests.swift in Sources */ = {isa = PBXBuildFile; fileRef = 5448B67924CD99E600546151 /* WassupTests.swift */; };
		5448B68524CD99E600546151 /* WassupUITests.swift in Sources */ = {isa = PBXBuildFile; fileRef = 5448B68424CD99E600546151 /* WassupUITests.swift */; };
		5448B69424CD9B8A00546151 /* Gradient.swift in Sources */ = {isa = PBXBuildFile; fileRef = 5448B69324CD9B8A00546151 /* Gradient.swift */; };
		5448B69624CDB22800546151 /* GoogleService-Info.plist in Resources */ = {isa = PBXBuildFile; fileRef = 5448B69524CDB22800546151 /* GoogleService-Info.plist */; };
		5448B69924CDD32900546151 /* WelcomeScreenViewController.swift in Sources */ = {isa = PBXBuildFile; fileRef = 5448B69824CDD32900546151 /* WelcomeScreenViewController.swift */; };
		5448B69B24CDD37B00546151 /* OTPVerificationViewController.swift in Sources */ = {isa = PBXBuildFile; fileRef = 5448B69A24CDD37B00546151 /* OTPVerificationViewController.swift */; };
		5448B69D24CDD39700546151 /* ProfileUpdateViewController.swift in Sources */ = {isa = PBXBuildFile; fileRef = 5448B69C24CDD39700546151 /* ProfileUpdateViewController.swift */; };
		5448B69F24CDD41100546151 /* ChatListingViewController.swift in Sources */ = {isa = PBXBuildFile; fileRef = 5448B69E24CDD41100546151 /* ChatListingViewController.swift */; };
		5448B6A124CDD5E400546151 /* Constants.swift in Sources */ = {isa = PBXBuildFile; fileRef = 5448B6A024CDD5E400546151 /* Constants.swift */; };
		5448B6A324CDD8DF00546151 /* FirebaseAuthManager.swift in Sources */ = {isa = PBXBuildFile; fileRef = 5448B6A224CDD8DF00546151 /* FirebaseAuthManager.swift */; };
		5448B6A624CDECC500546151 /* FirebaseChatManager.swift in Sources */ = {isa = PBXBuildFile; fileRef = 5448B6A524CDECC500546151 /* FirebaseChatManager.swift */; };
		5448B6A924CE1B3500546151 /* SpinnerView.swift in Sources */ = {isa = PBXBuildFile; fileRef = 5448B6A824CE1B3500546151 /* SpinnerView.swift */; };
		5450DA3C24CE34070031328A /* NewContactTableViewCell.swift in Sources */ = {isa = PBXBuildFile; fileRef = 5450DA3A24CE34070031328A /* NewContactTableViewCell.swift */; };
		5450DA3D24CE34070031328A /* NewContactTableViewCell.xib in Resources */ = {isa = PBXBuildFile; fileRef = 5450DA3B24CE34070031328A /* NewContactTableViewCell.xib */; };
		5450DA3F24CE35760031328A /* NewContactViewController.swift in Sources */ = {isa = PBXBuildFile; fileRef = 5450DA3E24CE35760031328A /* NewContactViewController.swift */; };
		5450DA4424CE3A4F0031328A /* DatabaseManager.swift in Sources */ = {isa = PBXBuildFile; fileRef = 5450DA4324CE3A4F0031328A /* DatabaseManager.swift */; };
		5450DA4724CE667B0031328A /* ChatRoomTableViewCell.swift in Sources */ = {isa = PBXBuildFile; fileRef = 5450DA4524CE667B0031328A /* ChatRoomTableViewCell.swift */; };
		5450DA4824CE667B0031328A /* ChatRoomTableViewCell.xib in Resources */ = {isa = PBXBuildFile; fileRef = 5450DA4624CE667B0031328A /* ChatRoomTableViewCell.xib */; };
		5450DA4A24CE82390031328A /* ChatMessagesViewController.swift in Sources */ = {isa = PBXBuildFile; fileRef = 5450DA4924CE82390031328A /* ChatMessagesViewController.swift */; };
		5450DA4D24CF40860031328A /* Extensions.swift in Sources */ = {isa = PBXBuildFile; fileRef = 5450DA4C24CF40860031328A /* Extensions.swift */; };
		5450DA5024CFA2F00031328A /* SenderTableViewCell.swift in Sources */ = {isa = PBXBuildFile; fileRef = 5450DA4E24CFA2F00031328A /* SenderTableViewCell.swift */; };
		5450DA5124CFA2F00031328A /* SenderTableViewCell.xib in Resources */ = {isa = PBXBuildFile; fileRef = 5450DA4F24CFA2F00031328A /* SenderTableViewCell.xib */; };
		5450DA5424CFA3030031328A /* ReceiverTableViewCell.swift in Sources */ = {isa = PBXBuildFile; fileRef = 5450DA5224CFA3030031328A /* ReceiverTableViewCell.swift */; };
		5450DA5524CFA3030031328A /* ReceiverTableViewCell.xib in Resources */ = {isa = PBXBuildFile; fileRef = 5450DA5324CFA3030031328A /* ReceiverTableViewCell.xib */; };
		EE31DA2C2FF3B0DEED20D25D /* Pods_WassupTests.framework in Frameworks */ = {isa = PBXBuildFile; fileRef = 78ABD5A65FC1FA084C8B101B /* Pods_WassupTests.framework */; };
		FFE346F7A8DC2E07F652FDC4 /* Pods_Wassup_WassupUITests.framework in Frameworks */ = {isa = PBXBuildFile; fileRef = 5EC62FB7359334ED2C9A975B /* Pods_Wassup_WassupUITests.framework */; };
/* End PBXBuildFile section */

/* Begin PBXContainerItemProxy section */
		5448B67624CD99E600546151 /* PBXContainerItemProxy */ = {
			isa = PBXContainerItemProxy;
			containerPortal = 5448B65424CD99E200546151 /* Project object */;
			proxyType = 1;
			remoteGlobalIDString = 5448B65B24CD99E200546151;
			remoteInfo = Wassup;
		};
		5448B68124CD99E600546151 /* PBXContainerItemProxy */ = {
			isa = PBXContainerItemProxy;
			containerPortal = 5448B65424CD99E200546151 /* Project object */;
			proxyType = 1;
			remoteGlobalIDString = 5448B65B24CD99E200546151;
			remoteInfo = Wassup;
		};
/* End PBXContainerItemProxy section */

/* Begin PBXFileReference section */
		2328580E44733F6884F130DB /* Pods-Wassup-WassupUITests.release.xcconfig */ = {isa = PBXFileReference; includeInIndex = 1; lastKnownFileType = text.xcconfig; name = "Pods-Wassup-WassupUITests.release.xcconfig"; path = "Target Support Files/Pods-Wassup-WassupUITests/Pods-Wassup-WassupUITests.release.xcconfig"; sourceTree = "<group>"; };
		46D2FD4E33AA1AD13637548A /* Pods_Wassup.framework */ = {isa = PBXFileReference; explicitFileType = wrapper.framework; includeInIndex = 0; path = Pods_Wassup.framework; sourceTree = BUILT_PRODUCTS_DIR; };
		513C76197868A4824F834C88 /* Pods-Wassup.release.xcconfig */ = {isa = PBXFileReference; includeInIndex = 1; lastKnownFileType = text.xcconfig; name = "Pods-Wassup.release.xcconfig"; path = "Target Support Files/Pods-Wassup/Pods-Wassup.release.xcconfig"; sourceTree = "<group>"; };
		5448B65C24CD99E200546151 /* Wassup.app */ = {isa = PBXFileReference; explicitFileType = wrapper.application; includeInIndex = 0; path = Wassup.app; sourceTree = BUILT_PRODUCTS_DIR; };
		5448B65F24CD99E200546151 /* AppDelegate.swift */ = {isa = PBXFileReference; lastKnownFileType = sourcecode.swift; path = AppDelegate.swift; sourceTree = "<group>"; };
		5448B66124CD99E200546151 /* SceneDelegate.swift */ = {isa = PBXFileReference; lastKnownFileType = sourcecode.swift; path = SceneDelegate.swift; sourceTree = "<group>"; };
		5448B66324CD99E200546151 /* AddPhoneNumberViewController.swift */ = {isa = PBXFileReference; lastKnownFileType = sourcecode.swift; path = AddPhoneNumberViewController.swift; sourceTree = "<group>"; };
		5448B66624CD99E200546151 /* Base */ = {isa = PBXFileReference; lastKnownFileType = file.storyboard; name = Base; path = Base.lproj/Main.storyboard; sourceTree = "<group>"; };
		5448B66924CD99E200546151 /* Wassup.xcdatamodel */ = {isa = PBXFileReference; lastKnownFileType = wrapper.xcdatamodel; path = Wassup.xcdatamodel; sourceTree = "<group>"; };
		5448B66B24CD99E600546151 /* Assets.xcassets */ = {isa = PBXFileReference; lastKnownFileType = folder.assetcatalog; path = Assets.xcassets; sourceTree = "<group>"; };
		5448B66E24CD99E600546151 /* Base */ = {isa = PBXFileReference; lastKnownFileType = file.storyboard; name = Base; path = Base.lproj/LaunchScreen.storyboard; sourceTree = "<group>"; };
		5448B67024CD99E600546151 /* Info.plist */ = {isa = PBXFileReference; lastKnownFileType = text.plist.xml; path = Info.plist; sourceTree = "<group>"; };
		5448B67524CD99E600546151 /* WassupTests.xctest */ = {isa = PBXFileReference; explicitFileType = wrapper.cfbundle; includeInIndex = 0; path = WassupTests.xctest; sourceTree = BUILT_PRODUCTS_DIR; };
		5448B67924CD99E600546151 /* WassupTests.swift */ = {isa = PBXFileReference; lastKnownFileType = sourcecode.swift; path = WassupTests.swift; sourceTree = "<group>"; };
		5448B67B24CD99E600546151 /* Info.plist */ = {isa = PBXFileReference; lastKnownFileType = text.plist.xml; path = Info.plist; sourceTree = "<group>"; };
		5448B68024CD99E600546151 /* WassupUITests.xctest */ = {isa = PBXFileReference; explicitFileType = wrapper.cfbundle; includeInIndex = 0; path = WassupUITests.xctest; sourceTree = BUILT_PRODUCTS_DIR; };
		5448B68424CD99E600546151 /* WassupUITests.swift */ = {isa = PBXFileReference; lastKnownFileType = sourcecode.swift; path = WassupUITests.swift; sourceTree = "<group>"; };
		5448B68624CD99E600546151 /* Info.plist */ = {isa = PBXFileReference; lastKnownFileType = text.plist.xml; path = Info.plist; sourceTree = "<group>"; };
		5448B69324CD9B8A00546151 /* Gradient.swift */ = {isa = PBXFileReference; lastKnownFileType = sourcecode.swift; path = Gradient.swift; sourceTree = "<group>"; };
		5448B69524CDB22800546151 /* GoogleService-Info.plist */ = {isa = PBXFileReference; fileEncoding = 4; lastKnownFileType = text.plist.xml; path = "GoogleService-Info.plist"; sourceTree = "<group>"; };
		5448B69824CDD32900546151 /* WelcomeScreenViewController.swift */ = {isa = PBXFileReference; lastKnownFileType = sourcecode.swift; path = WelcomeScreenViewController.swift; sourceTree = "<group>"; };
		5448B69A24CDD37B00546151 /* OTPVerificationViewController.swift */ = {isa = PBXFileReference; lastKnownFileType = sourcecode.swift; path = OTPVerificationViewController.swift; sourceTree = "<group>"; };
		5448B69C24CDD39700546151 /* ProfileUpdateViewController.swift */ = {isa = PBXFileReference; lastKnownFileType = sourcecode.swift; path = ProfileUpdateViewController.swift; sourceTree = "<group>"; };
		5448B69E24CDD41100546151 /* ChatListingViewController.swift */ = {isa = PBXFileReference; lastKnownFileType = sourcecode.swift; path = ChatListingViewController.swift; sourceTree = "<group>"; };
		5448B6A024CDD5E400546151 /* Constants.swift */ = {isa = PBXFileReference; lastKnownFileType = sourcecode.swift; path = Constants.swift; sourceTree = "<group>"; };
		5448B6A224CDD8DF00546151 /* FirebaseAuthManager.swift */ = {isa = PBXFileReference; lastKnownFileType = sourcecode.swift; path = FirebaseAuthManager.swift; sourceTree = "<group>"; };
		5448B6A524CDECC500546151 /* FirebaseChatManager.swift */ = {isa = PBXFileReference; lastKnownFileType = sourcecode.swift; path = FirebaseChatManager.swift; sourceTree = "<group>"; };
		5448B6A824CE1B3500546151 /* SpinnerView.swift */ = {isa = PBXFileReference; lastKnownFileType = sourcecode.swift; path = SpinnerView.swift; sourceTree = "<group>"; };
		5450DA3A24CE34070031328A /* NewContactTableViewCell.swift */ = {isa = PBXFileReference; lastKnownFileType = sourcecode.swift; path = NewContactTableViewCell.swift; sourceTree = "<group>"; };
		5450DA3B24CE34070031328A /* NewContactTableViewCell.xib */ = {isa = PBXFileReference; lastKnownFileType = file.xib; path = NewContactTableViewCell.xib; sourceTree = "<group>"; };
		5450DA3E24CE35760031328A /* NewContactViewController.swift */ = {isa = PBXFileReference; lastKnownFileType = sourcecode.swift; path = NewContactViewController.swift; sourceTree = "<group>"; };
		5450DA4324CE3A4F0031328A /* DatabaseManager.swift */ = {isa = PBXFileReference; lastKnownFileType = sourcecode.swift; path = DatabaseManager.swift; sourceTree = "<group>"; };
		5450DA4524CE667B0031328A /* ChatRoomTableViewCell.swift */ = {isa = PBXFileReference; lastKnownFileType = sourcecode.swift; path = ChatRoomTableViewCell.swift; sourceTree = "<group>"; };
		5450DA4624CE667B0031328A /* ChatRoomTableViewCell.xib */ = {isa = PBXFileReference; lastKnownFileType = file.xib; path = ChatRoomTableViewCell.xib; sourceTree = "<group>"; };
		5450DA4924CE82390031328A /* ChatMessagesViewController.swift */ = {isa = PBXFileReference; lastKnownFileType = sourcecode.swift; path = ChatMessagesViewController.swift; sourceTree = "<group>"; };
		5450DA4C24CF40860031328A /* Extensions.swift */ = {isa = PBXFileReference; lastKnownFileType = sourcecode.swift; path = Extensions.swift; sourceTree = "<group>"; };
		5450DA4E24CFA2F00031328A /* SenderTableViewCell.swift */ = {isa = PBXFileReference; lastKnownFileType = sourcecode.swift; path = SenderTableViewCell.swift; sourceTree = "<group>"; };
		5450DA4F24CFA2F00031328A /* SenderTableViewCell.xib */ = {isa = PBXFileReference; lastKnownFileType = file.xib; path = SenderTableViewCell.xib; sourceTree = "<group>"; };
		5450DA5224CFA3030031328A /* ReceiverTableViewCell.swift */ = {isa = PBXFileReference; lastKnownFileType = sourcecode.swift; path = ReceiverTableViewCell.swift; sourceTree = "<group>"; };
		5450DA5324CFA3030031328A /* ReceiverTableViewCell.xib */ = {isa = PBXFileReference; lastKnownFileType = file.xib; path = ReceiverTableViewCell.xib; sourceTree = "<group>"; };
		5EC62FB7359334ED2C9A975B /* Pods_Wassup_WassupUITests.framework */ = {isa = PBXFileReference; explicitFileType = wrapper.framework; includeInIndex = 0; path = Pods_Wassup_WassupUITests.framework; sourceTree = BUILT_PRODUCTS_DIR; };
		78ABD5A65FC1FA084C8B101B /* Pods_WassupTests.framework */ = {isa = PBXFileReference; explicitFileType = wrapper.framework; includeInIndex = 0; path = Pods_WassupTests.framework; sourceTree = BUILT_PRODUCTS_DIR; };
		8A629B2B578D09EC361C4EE7 /* Pods-Wassup-WassupUITests.debug.xcconfig */ = {isa = PBXFileReference; includeInIndex = 1; lastKnownFileType = text.xcconfig; name = "Pods-Wassup-WassupUITests.debug.xcconfig"; path = "Target Support Files/Pods-Wassup-WassupUITests/Pods-Wassup-WassupUITests.debug.xcconfig"; sourceTree = "<group>"; };
		8F2717DB2BBB68B70C4C48A0 /* Pods-Wassup.debug.xcconfig */ = {isa = PBXFileReference; includeInIndex = 1; lastKnownFileType = text.xcconfig; name = "Pods-Wassup.debug.xcconfig"; path = "Target Support Files/Pods-Wassup/Pods-Wassup.debug.xcconfig"; sourceTree = "<group>"; };
		9F22AD9BA8AE485A6271BB64 /* Pods-WassupTests.release.xcconfig */ = {isa = PBXFileReference; includeInIndex = 1; lastKnownFileType = text.xcconfig; name = "Pods-WassupTests.release.xcconfig"; path = "Target Support Files/Pods-WassupTests/Pods-WassupTests.release.xcconfig"; sourceTree = "<group>"; };
		ACFE70B01B2CE972CA59491C /* Pods-WassupTests.debug.xcconfig */ = {isa = PBXFileReference; includeInIndex = 1; lastKnownFileType = text.xcconfig; name = "Pods-WassupTests.debug.xcconfig"; path = "Target Support Files/Pods-WassupTests/Pods-WassupTests.debug.xcconfig"; sourceTree = "<group>"; };
/* End PBXFileReference section */

/* Begin PBXFrameworksBuildPhase section */
		5448B65924CD99E200546151 /* Frameworks */ = {
			isa = PBXFrameworksBuildPhase;
			buildActionMask = 2147483647;
			files = (
				4EFD53088C6632A9C2BE8849 /* Pods_Wassup.framework in Frameworks */,
			);
			runOnlyForDeploymentPostprocessing = 0;
		};
		5448B67224CD99E600546151 /* Frameworks */ = {
			isa = PBXFrameworksBuildPhase;
			buildActionMask = 2147483647;
			files = (
				EE31DA2C2FF3B0DEED20D25D /* Pods_WassupTests.framework in Frameworks */,
			);
			runOnlyForDeploymentPostprocessing = 0;
		};
		5448B67D24CD99E600546151 /* Frameworks */ = {
			isa = PBXFrameworksBuildPhase;
			buildActionMask = 2147483647;
			files = (
				FFE346F7A8DC2E07F652FDC4 /* Pods_Wassup_WassupUITests.framework in Frameworks */,
			);
			runOnlyForDeploymentPostprocessing = 0;
		};
/* End PBXFrameworksBuildPhase section */

/* Begin PBXGroup section */
		5448B65324CD99E200546151 = {
			isa = PBXGroup;
			children = (
				5448B65E24CD99E200546151 /* Wassup */,
				5448B67824CD99E600546151 /* WassupTests */,
				5448B68324CD99E600546151 /* WassupUITests */,
				5448B65D24CD99E200546151 /* Products */,
				719D4F2D983473011559C838 /* Pods */,
				AAD355B1BD7B99475CD7A4B4 /* Frameworks */,
			);
			sourceTree = "<group>";
		};
		5448B65D24CD99E200546151 /* Products */ = {
			isa = PBXGroup;
			children = (
				5448B65C24CD99E200546151 /* Wassup.app */,
				5448B67524CD99E600546151 /* WassupTests.xctest */,
				5448B68024CD99E600546151 /* WassupUITests.xctest */,
			);
			name = Products;
			sourceTree = "<group>";
		};
		5448B65E24CD99E200546151 /* Wassup */ = {
			isa = PBXGroup;
			children = (
				5450DA4B24CF40750031328A /* Helpers */,
				5450DA3924CE33E80031328A /* Views */,
				5448B6A424CDD9E100546151 /* Singletons */,
				5448B69724CDD30900546151 /* ViewControllers */,
				5448B69224CD9B6400546151 /* UIHelperFiles */,
				5448B65F24CD99E200546151 /* AppDelegate.swift */,
				5448B66124CD99E200546151 /* SceneDelegate.swift */,
				5448B66524CD99E200546151 /* Main.storyboard */,
				5448B66B24CD99E600546151 /* Assets.xcassets */,
				5448B66D24CD99E600546151 /* LaunchScreen.storyboard */,
				5448B67024CD99E600546151 /* Info.plist */,
				5448B69524CDB22800546151 /* GoogleService-Info.plist */,
				5448B66824CD99E200546151 /* Wassup.xcdatamodeld */,
			);
			path = Wassup;
			sourceTree = "<group>";
		};
		5448B67824CD99E600546151 /* WassupTests */ = {
			isa = PBXGroup;
			children = (
				5448B67924CD99E600546151 /* WassupTests.swift */,
				5448B67B24CD99E600546151 /* Info.plist */,
			);
			path = WassupTests;
			sourceTree = "<group>";
		};
		5448B68324CD99E600546151 /* WassupUITests */ = {
			isa = PBXGroup;
			children = (
				5448B68424CD99E600546151 /* WassupUITests.swift */,
				5448B68624CD99E600546151 /* Info.plist */,
			);
			path = WassupUITests;
			sourceTree = "<group>";
		};
		5448B69224CD9B6400546151 /* UIHelperFiles */ = {
			isa = PBXGroup;
			children = (
				5448B69324CD9B8A00546151 /* Gradient.swift */,
				5448B6A824CE1B3500546151 /* SpinnerView.swift */,
			);
			path = UIHelperFiles;
			sourceTree = "<group>";
		};
		5448B69724CDD30900546151 /* ViewControllers */ = {
			isa = PBXGroup;
			children = (
				5448B66324CD99E200546151 /* AddPhoneNumberViewController.swift */,
				5448B69824CDD32900546151 /* WelcomeScreenViewController.swift */,
				5448B69A24CDD37B00546151 /* OTPVerificationViewController.swift */,
				5448B69C24CDD39700546151 /* ProfileUpdateViewController.swift */,
				5448B69E24CDD41100546151 /* ChatListingViewController.swift */,
				5450DA3E24CE35760031328A /* NewContactViewController.swift */,
				5450DA4924CE82390031328A /* ChatMessagesViewController.swift */,
			);
			path = ViewControllers;
			sourceTree = "<group>";
		};
		5448B6A424CDD9E100546151 /* Singletons */ = {
			isa = PBXGroup;
			children = (
				5448B6A224CDD8DF00546151 /* FirebaseAuthManager.swift */,
				5448B6A524CDECC500546151 /* FirebaseChatManager.swift */,
				5450DA4324CE3A4F0031328A /* DatabaseManager.swift */,
			);
			path = Singletons;
			sourceTree = "<group>";
		};
		5450DA3924CE33E80031328A /* Views */ = {
			isa = PBXGroup;
			children = (
				5450DA3A24CE34070031328A /* NewContactTableViewCell.swift */,
				5450DA3B24CE34070031328A /* NewContactTableViewCell.xib */,
				5450DA4524CE667B0031328A /* ChatRoomTableViewCell.swift */,
				5450DA4624CE667B0031328A /* ChatRoomTableViewCell.xib */,
				5450DA4E24CFA2F00031328A /* SenderTableViewCell.swift */,
				5450DA4F24CFA2F00031328A /* SenderTableViewCell.xib */,
				5450DA5224CFA3030031328A /* ReceiverTableViewCell.swift */,
				5450DA5324CFA3030031328A /* ReceiverTableViewCell.xib */,
			);
			path = Views;
			sourceTree = "<group>";
		};
		5450DA4B24CF40750031328A /* Helpers */ = {
			isa = PBXGroup;
			children = (
				5448B6A024CDD5E400546151 /* Constants.swift */,
				5450DA4C24CF40860031328A /* Extensions.swift */,
			);
			path = Helpers;
			sourceTree = "<group>";
		};
		719D4F2D983473011559C838 /* Pods */ = {
			isa = PBXGroup;
			children = (
				8F2717DB2BBB68B70C4C48A0 /* Pods-Wassup.debug.xcconfig */,
				513C76197868A4824F834C88 /* Pods-Wassup.release.xcconfig */,
				8A629B2B578D09EC361C4EE7 /* Pods-Wassup-WassupUITests.debug.xcconfig */,
				2328580E44733F6884F130DB /* Pods-Wassup-WassupUITests.release.xcconfig */,
				ACFE70B01B2CE972CA59491C /* Pods-WassupTests.debug.xcconfig */,
				9F22AD9BA8AE485A6271BB64 /* Pods-WassupTests.release.xcconfig */,
			);
			path = Pods;
			sourceTree = "<group>";
		};
		AAD355B1BD7B99475CD7A4B4 /* Frameworks */ = {
			isa = PBXGroup;
			children = (
				46D2FD4E33AA1AD13637548A /* Pods_Wassup.framework */,
				5EC62FB7359334ED2C9A975B /* Pods_Wassup_WassupUITests.framework */,
				78ABD5A65FC1FA084C8B101B /* Pods_WassupTests.framework */,
			);
			name = Frameworks;
			sourceTree = "<group>";
		};
/* End PBXGroup section */

/* Begin PBXNativeTarget section */
		5448B65B24CD99E200546151 /* Wassup */ = {
			isa = PBXNativeTarget;
			buildConfigurationList = 5448B68924CD99E600546151 /* Build configuration list for PBXNativeTarget "Wassup" */;
			buildPhases = (
				9E75787A9318DCAFF8473B25 /* [CP] Check Pods Manifest.lock */,
				5448B65824CD99E200546151 /* Sources */,
				5448B65924CD99E200546151 /* Frameworks */,
				5448B65A24CD99E200546151 /* Resources */,
				3E620FADADBB783299313CFC /* [CP] Embed Pods Frameworks */,
			);
			buildRules = (
			);
			dependencies = (
			);
			name = Wassup;
			productName = Wassup;
			productReference = 5448B65C24CD99E200546151 /* Wassup.app */;
			productType = "com.apple.product-type.application";
		};
		5448B67424CD99E600546151 /* WassupTests */ = {
			isa = PBXNativeTarget;
			buildConfigurationList = 5448B68C24CD99E600546151 /* Build configuration list for PBXNativeTarget "WassupTests" */;
			buildPhases = (
				6F6A07EDF814E2693215BF90 /* [CP] Check Pods Manifest.lock */,
				5448B67124CD99E600546151 /* Sources */,
				5448B67224CD99E600546151 /* Frameworks */,
				5448B67324CD99E600546151 /* Resources */,
			);
			buildRules = (
			);
			dependencies = (
				5448B67724CD99E600546151 /* PBXTargetDependency */,
			);
			name = WassupTests;
			productName = WassupTests;
			productReference = 5448B67524CD99E600546151 /* WassupTests.xctest */;
			productType = "com.apple.product-type.bundle.unit-test";
		};
		5448B67F24CD99E600546151 /* WassupUITests */ = {
			isa = PBXNativeTarget;
			buildConfigurationList = 5448B68F24CD99E600546151 /* Build configuration list for PBXNativeTarget "WassupUITests" */;
			buildPhases = (
				149D5ADD0A5498F65A692DF1 /* [CP] Check Pods Manifest.lock */,
				5448B67C24CD99E600546151 /* Sources */,
				5448B67D24CD99E600546151 /* Frameworks */,
				5448B67E24CD99E600546151 /* Resources */,
				EC08169D1447ADB58787EB37 /* [CP] Embed Pods Frameworks */,
			);
			buildRules = (
			);
			dependencies = (
				5448B68224CD99E600546151 /* PBXTargetDependency */,
			);
			name = WassupUITests;
			productName = WassupUITests;
			productReference = 5448B68024CD99E600546151 /* WassupUITests.xctest */;
			productType = "com.apple.product-type.bundle.ui-testing";
		};
/* End PBXNativeTarget section */

/* Begin PBXProject section */
		5448B65424CD99E200546151 /* Project object */ = {
			isa = PBXProject;
			attributes = {
				LastSwiftUpdateCheck = 1150;
				LastUpgradeCheck = 1150;
				ORGANIZATIONNAME = "abhinay varma";
				TargetAttributes = {
					5448B65B24CD99E200546151 = {
						CreatedOnToolsVersion = 11.5;
					};
					5448B67424CD99E600546151 = {
						CreatedOnToolsVersion = 11.5;
						TestTargetID = 5448B65B24CD99E200546151;
					};
					5448B67F24CD99E600546151 = {
						CreatedOnToolsVersion = 11.5;
						TestTargetID = 5448B65B24CD99E200546151;
					};
				};
			};
			buildConfigurationList = 5448B65724CD99E200546151 /* Build configuration list for PBXProject "Wassup" */;
			compatibilityVersion = "Xcode 9.3";
			developmentRegion = en;
			hasScannedForEncodings = 0;
			knownRegions = (
				en,
				Base,
			);
			mainGroup = 5448B65324CD99E200546151;
			productRefGroup = 5448B65D24CD99E200546151 /* Products */;
			projectDirPath = "";
			projectRoot = "";
			targets = (
				5448B65B24CD99E200546151 /* Wassup */,
				5448B67424CD99E600546151 /* WassupTests */,
				5448B67F24CD99E600546151 /* WassupUITests */,
			);
		};
/* End PBXProject section */

/* Begin PBXResourcesBuildPhase section */
		5448B65A24CD99E200546151 /* Resources */ = {
			isa = PBXResourcesBuildPhase;
			buildActionMask = 2147483647;
			files = (
				5448B66F24CD99E600546151 /* LaunchScreen.storyboard in Resources */,
				5448B69624CDB22800546151 /* GoogleService-Info.plist in Resources */,
				5450DA5524CFA3030031328A /* ReceiverTableViewCell.xib in Resources */,
				5448B66C24CD99E600546151 /* Assets.xcassets in Resources */,
				5450DA5124CFA2F00031328A /* SenderTableViewCell.xib in Resources */,
				5448B66724CD99E200546151 /* Main.storyboard in Resources */,
				5450DA4824CE667B0031328A /* ChatRoomTableViewCell.xib in Resources */,
				5450DA3D24CE34070031328A /* NewContactTableViewCell.xib in Resources */,
			);
			runOnlyForDeploymentPostprocessing = 0;
		};
		5448B67324CD99E600546151 /* Resources */ = {
			isa = PBXResourcesBuildPhase;
			buildActionMask = 2147483647;
			files = (
			);
			runOnlyForDeploymentPostprocessing = 0;
		};
		5448B67E24CD99E600546151 /* Resources */ = {
			isa = PBXResourcesBuildPhase;
			buildActionMask = 2147483647;
			files = (
			);
			runOnlyForDeploymentPostprocessing = 0;
		};
/* End PBXResourcesBuildPhase section */

/* Begin PBXShellScriptBuildPhase section */
		149D5ADD0A5498F65A692DF1 /* [CP] Check Pods Manifest.lock */ = {
			isa = PBXShellScriptBuildPhase;
			buildActionMask = 2147483647;
			files = (
			);
			inputFileListPaths = (
			);
			inputPaths = (
				"${PODS_PODFILE_DIR_PATH}/Podfile.lock",
				"${PODS_ROOT}/Manifest.lock",
			);
			name = "[CP] Check Pods Manifest.lock";
			outputFileListPaths = (
			);
			outputPaths = (
				"$(DERIVED_FILE_DIR)/Pods-Wassup-WassupUITests-checkManifestLockResult.txt",
			);
			runOnlyForDeploymentPostprocessing = 0;
			shellPath = /bin/sh;
			shellScript = "diff \"${PODS_PODFILE_DIR_PATH}/Podfile.lock\" \"${PODS_ROOT}/Manifest.lock\" > /dev/null\nif [ $? != 0 ] ; then\n    # print error to STDERR\n    echo \"error: The sandbox is not in sync with the Podfile.lock. Run 'pod install' or update your CocoaPods installation.\" >&2\n    exit 1\nfi\n# This output is used by Xcode 'outputs' to avoid re-running this script phase.\necho \"SUCCESS\" > \"${SCRIPT_OUTPUT_FILE_0}\"\n";
			showEnvVarsInLog = 0;
		};
		3E620FADADBB783299313CFC /* [CP] Embed Pods Frameworks */ = {
			isa = PBXShellScriptBuildPhase;
			buildActionMask = 2147483647;
			files = (
			);
			inputFileListPaths = (
				"${PODS_ROOT}/Target Support Files/Pods-Wassup/Pods-Wassup-frameworks-${CONFIGURATION}-input-files.xcfilelist",
			);
			name = "[CP] Embed Pods Frameworks";
			outputFileListPaths = (
				"${PODS_ROOT}/Target Support Files/Pods-Wassup/Pods-Wassup-frameworks-${CONFIGURATION}-output-files.xcfilelist",
			);
			runOnlyForDeploymentPostprocessing = 0;
			shellPath = /bin/sh;
			shellScript = "\"${PODS_ROOT}/Target Support Files/Pods-Wassup/Pods-Wassup-frameworks.sh\"\n";
			showEnvVarsInLog = 0;
		};
		6F6A07EDF814E2693215BF90 /* [CP] Check Pods Manifest.lock */ = {
			isa = PBXShellScriptBuildPhase;
			buildActionMask = 2147483647;
			files = (
			);
			inputFileListPaths = (
			);
			inputPaths = (
				"${PODS_PODFILE_DIR_PATH}/Podfile.lock",
				"${PODS_ROOT}/Manifest.lock",
			);
			name = "[CP] Check Pods Manifest.lock";
			outputFileListPaths = (
			);
			outputPaths = (
				"$(DERIVED_FILE_DIR)/Pods-WassupTests-checkManifestLockResult.txt",
			);
			runOnlyForDeploymentPostprocessing = 0;
			shellPath = /bin/sh;
			shellScript = "diff \"${PODS_PODFILE_DIR_PATH}/Podfile.lock\" \"${PODS_ROOT}/Manifest.lock\" > /dev/null\nif [ $? != 0 ] ; then\n    # print error to STDERR\n    echo \"error: The sandbox is not in sync with the Podfile.lock. Run 'pod install' or update your CocoaPods installation.\" >&2\n    exit 1\nfi\n# This output is used by Xcode 'outputs' to avoid re-running this script phase.\necho \"SUCCESS\" > \"${SCRIPT_OUTPUT_FILE_0}\"\n";
			showEnvVarsInLog = 0;
		};
		9E75787A9318DCAFF8473B25 /* [CP] Check Pods Manifest.lock */ = {
			isa = PBXShellScriptBuildPhase;
			buildActionMask = 2147483647;
			files = (
			);
			inputFileListPaths = (
			);
			inputPaths = (
				"${PODS_PODFILE_DIR_PATH}/Podfile.lock",
				"${PODS_ROOT}/Manifest.lock",
			);
			name = "[CP] Check Pods Manifest.lock";
			outputFileListPaths = (
			);
			outputPaths = (
				"$(DERIVED_FILE_DIR)/Pods-Wassup-checkManifestLockResult.txt",
			);
			runOnlyForDeploymentPostprocessing = 0;
			shellPath = /bin/sh;
			shellScript = "diff \"${PODS_PODFILE_DIR_PATH}/Podfile.lock\" \"${PODS_ROOT}/Manifest.lock\" > /dev/null\nif [ $? != 0 ] ; then\n    # print error to STDERR\n    echo \"error: The sandbox is not in sync with the Podfile.lock. Run 'pod install' or update your CocoaPods installation.\" >&2\n    exit 1\nfi\n# This output is used by Xcode 'outputs' to avoid re-running this script phase.\necho \"SUCCESS\" > \"${SCRIPT_OUTPUT_FILE_0}\"\n";
			showEnvVarsInLog = 0;
		};
		EC08169D1447ADB58787EB37 /* [CP] Embed Pods Frameworks */ = {
			isa = PBXShellScriptBuildPhase;
			buildActionMask = 2147483647;
			files = (
			);
			inputFileListPaths = (
				"${PODS_ROOT}/Target Support Files/Pods-Wassup-WassupUITests/Pods-Wassup-WassupUITests-frameworks-${CONFIGURATION}-input-files.xcfilelist",
			);
			name = "[CP] Embed Pods Frameworks";
			outputFileListPaths = (
				"${PODS_ROOT}/Target Support Files/Pods-Wassup-WassupUITests/Pods-Wassup-WassupUITests-frameworks-${CONFIGURATION}-output-files.xcfilelist",
			);
			runOnlyForDeploymentPostprocessing = 0;
			shellPath = /bin/sh;
			shellScript = "\"${PODS_ROOT}/Target Support Files/Pods-Wassup-WassupUITests/Pods-Wassup-WassupUITests-frameworks.sh\"\n";
			showEnvVarsInLog = 0;
		};
/* End PBXShellScriptBuildPhase section */

/* Begin PBXSourcesBuildPhase section */
		5448B65824CD99E200546151 /* Sources */ = {
			isa = PBXSourcesBuildPhase;
			buildActionMask = 2147483647;
			files = (
				5448B69424CD9B8A00546151 /* Gradient.swift in Sources */,
				5450DA3F24CE35760031328A /* NewContactViewController.swift in Sources */,
				5448B6A924CE1B3500546151 /* SpinnerView.swift in Sources */,
				5448B69B24CDD37B00546151 /* OTPVerificationViewController.swift in Sources */,
				5450DA4724CE667B0031328A /* ChatRoomTableViewCell.swift in Sources */,
				5450DA4424CE3A4F0031328A /* DatabaseManager.swift in Sources */,
				5448B66424CD99E200546151 /* AddPhoneNumberViewController.swift in Sources */,
				5450DA5424CFA3030031328A /* ReceiverTableViewCell.swift in Sources */,
				5448B66024CD99E200546151 /* AppDelegate.swift in Sources */,
				5450DA5024CFA2F00031328A /* SenderTableViewCell.swift in Sources */,
				5450DA3C24CE34070031328A /* NewContactTableViewCell.swift in Sources */,
				5448B66A24CD99E200546151 /* Wassup.xcdatamodeld in Sources */,
				5448B6A124CDD5E400546151 /* Constants.swift in Sources */,
				5448B69D24CDD39700546151 /* ProfileUpdateViewController.swift in Sources */,
				5448B6A324CDD8DF00546151 /* FirebaseAuthManager.swift in Sources */,
				5448B6A624CDECC500546151 /* FirebaseChatManager.swift in Sources */,
				5450DA4D24CF40860031328A /* Extensions.swift in Sources */,
				5450DA4A24CE82390031328A /* ChatMessagesViewController.swift in Sources */,
				5448B66224CD99E200546151 /* SceneDelegate.swift in Sources */,
				5448B69F24CDD41100546151 /* ChatListingViewController.swift in Sources */,
				5448B69924CDD32900546151 /* WelcomeScreenViewController.swift in Sources */,
			);
			runOnlyForDeploymentPostprocessing = 0;
		};
		5448B67124CD99E600546151 /* Sources */ = {
			isa = PBXSourcesBuildPhase;
			buildActionMask = 2147483647;
			files = (
				5448B67A24CD99E600546151 /* WassupTests.swift in Sources */,
			);
			runOnlyForDeploymentPostprocessing = 0;
		};
		5448B67C24CD99E600546151 /* Sources */ = {
			isa = PBXSourcesBuildPhase;
			buildActionMask = 2147483647;
			files = (
				5448B68524CD99E600546151 /* WassupUITests.swift in Sources */,
			);
			runOnlyForDeploymentPostprocessing = 0;
		};
/* End PBXSourcesBuildPhase section */

/* Begin PBXTargetDependency section */
		5448B67724CD99E600546151 /* PBXTargetDependency */ = {
			isa = PBXTargetDependency;
			target = 5448B65B24CD99E200546151 /* Wassup */;
			targetProxy = 5448B67624CD99E600546151 /* PBXContainerItemProxy */;
		};
		5448B68224CD99E600546151 /* PBXTargetDependency */ = {
			isa = PBXTargetDependency;
			target = 5448B65B24CD99E200546151 /* Wassup */;
			targetProxy = 5448B68124CD99E600546151 /* PBXContainerItemProxy */;
		};
/* End PBXTargetDependency section */

/* Begin PBXVariantGroup section */
		5448B66524CD99E200546151 /* Main.storyboard */ = {
			isa = PBXVariantGroup;
			children = (
				5448B66624CD99E200546151 /* Base */,
			);
			name = Main.storyboard;
			sourceTree = "<group>";
		};
		5448B66D24CD99E600546151 /* LaunchScreen.storyboard */ = {
			isa = PBXVariantGroup;
			children = (
				5448B66E24CD99E600546151 /* Base */,
			);
			name = LaunchScreen.storyboard;
			sourceTree = "<group>";
		};
/* End PBXVariantGroup section */

/* Begin XCBuildConfiguration section */
		5448B68724CD99E600546151 /* Debug */ = {
			isa = XCBuildConfiguration;
			buildSettings = {
				ALWAYS_SEARCH_USER_PATHS = NO;
				CLANG_ANALYZER_NONNULL = YES;
				CLANG_ANALYZER_NUMBER_OBJECT_CONVERSION = YES_AGGRESSIVE;
				CLANG_CXX_LANGUAGE_STANDARD = "gnu++14";
				CLANG_CXX_LIBRARY = "libc++";
				CLANG_ENABLE_MODULES = YES;
				CLANG_ENABLE_OBJC_ARC = YES;
				CLANG_ENABLE_OBJC_WEAK = YES;
				CLANG_WARN_BLOCK_CAPTURE_AUTORELEASING = YES;
				CLANG_WARN_BOOL_CONVERSION = YES;
				CLANG_WARN_COMMA = YES;
				CLANG_WARN_CONSTANT_CONVERSION = YES;
				CLANG_WARN_DEPRECATED_OBJC_IMPLEMENTATIONS = YES;
				CLANG_WARN_DIRECT_OBJC_ISA_USAGE = YES_ERROR;
				CLANG_WARN_DOCUMENTATION_COMMENTS = YES;
				CLANG_WARN_EMPTY_BODY = YES;
				CLANG_WARN_ENUM_CONVERSION = YES;
				CLANG_WARN_INFINITE_RECURSION = YES;
				CLANG_WARN_INT_CONVERSION = YES;
				CLANG_WARN_NON_LITERAL_NULL_CONVERSION = YES;
				CLANG_WARN_OBJC_IMPLICIT_RETAIN_SELF = YES;
				CLANG_WARN_OBJC_LITERAL_CONVERSION = YES;
				CLANG_WARN_OBJC_ROOT_CLASS = YES_ERROR;
				CLANG_WARN_RANGE_LOOP_ANALYSIS = YES;
				CLANG_WARN_STRICT_PROTOTYPES = YES;
				CLANG_WARN_SUSPICIOUS_MOVE = YES;
				CLANG_WARN_UNGUARDED_AVAILABILITY = YES_AGGRESSIVE;
				CLANG_WARN_UNREACHABLE_CODE = YES;
				CLANG_WARN__DUPLICATE_METHOD_MATCH = YES;
				COPY_PHASE_STRIP = NO;
				DEBUG_INFORMATION_FORMAT = dwarf;
				ENABLE_STRICT_OBJC_MSGSEND = YES;
				ENABLE_TESTABILITY = YES;
				GCC_C_LANGUAGE_STANDARD = gnu11;
				GCC_DYNAMIC_NO_PIC = NO;
				GCC_NO_COMMON_BLOCKS = YES;
				GCC_OPTIMIZATION_LEVEL = 0;
				GCC_PREPROCESSOR_DEFINITIONS = (
					"DEBUG=1",
					"$(inherited)",
				);
				GCC_WARN_64_TO_32_BIT_CONVERSION = YES;
				GCC_WARN_ABOUT_RETURN_TYPE = YES_ERROR;
				GCC_WARN_UNDECLARED_SELECTOR = YES;
				GCC_WARN_UNINITIALIZED_AUTOS = YES_AGGRESSIVE;
				GCC_WARN_UNUSED_FUNCTION = YES;
				GCC_WARN_UNUSED_VARIABLE = YES;
				IPHONEOS_DEPLOYMENT_TARGET = 13.5;
				MTL_ENABLE_DEBUG_INFO = INCLUDE_SOURCE;
				MTL_FAST_MATH = YES;
				ONLY_ACTIVE_ARCH = YES;
				SDKROOT = iphoneos;
				SWIFT_ACTIVE_COMPILATION_CONDITIONS = DEBUG;
				SWIFT_OPTIMIZATION_LEVEL = "-Onone";
			};
			name = Debug;
		};
		5448B68824CD99E600546151 /* Release */ = {
			isa = XCBuildConfiguration;
			buildSettings = {
				ALWAYS_SEARCH_USER_PATHS = NO;
				CLANG_ANALYZER_NONNULL = YES;
				CLANG_ANALYZER_NUMBER_OBJECT_CONVERSION = YES_AGGRESSIVE;
				CLANG_CXX_LANGUAGE_STANDARD = "gnu++14";
				CLANG_CXX_LIBRARY = "libc++";
				CLANG_ENABLE_MODULES = YES;
				CLANG_ENABLE_OBJC_ARC = YES;
				CLANG_ENABLE_OBJC_WEAK = YES;
				CLANG_WARN_BLOCK_CAPTURE_AUTORELEASING = YES;
				CLANG_WARN_BOOL_CONVERSION = YES;
				CLANG_WARN_COMMA = YES;
				CLANG_WARN_CONSTANT_CONVERSION = YES;
				CLANG_WARN_DEPRECATED_OBJC_IMPLEMENTATIONS = YES;
				CLANG_WARN_DIRECT_OBJC_ISA_USAGE = YES_ERROR;
				CLANG_WARN_DOCUMENTATION_COMMENTS = YES;
				CLANG_WARN_EMPTY_BODY = YES;
				CLANG_WARN_ENUM_CONVERSION = YES;
				CLANG_WARN_INFINITE_RECURSION = YES;
				CLANG_WARN_INT_CONVERSION = YES;
				CLANG_WARN_NON_LITERAL_NULL_CONVERSION = YES;
				CLANG_WARN_OBJC_IMPLICIT_RETAIN_SELF = YES;
				CLANG_WARN_OBJC_LITERAL_CONVERSION = YES;
				CLANG_WARN_OBJC_ROOT_CLASS = YES_ERROR;
				CLANG_WARN_RANGE_LOOP_ANALYSIS = YES;
				CLANG_WARN_STRICT_PROTOTYPES = YES;
				CLANG_WARN_SUSPICIOUS_MOVE = YES;
				CLANG_WARN_UNGUARDED_AVAILABILITY = YES_AGGRESSIVE;
				CLANG_WARN_UNREACHABLE_CODE = YES;
				CLANG_WARN__DUPLICATE_METHOD_MATCH = YES;
				COPY_PHASE_STRIP = NO;
				DEBUG_INFORMATION_FORMAT = "dwarf-with-dsym";
				ENABLE_NS_ASSERTIONS = NO;
				ENABLE_STRICT_OBJC_MSGSEND = YES;
				GCC_C_LANGUAGE_STANDARD = gnu11;
				GCC_NO_COMMON_BLOCKS = YES;
				GCC_WARN_64_TO_32_BIT_CONVERSION = YES;
				GCC_WARN_ABOUT_RETURN_TYPE = YES_ERROR;
				GCC_WARN_UNDECLARED_SELECTOR = YES;
				GCC_WARN_UNINITIALIZED_AUTOS = YES_AGGRESSIVE;
				GCC_WARN_UNUSED_FUNCTION = YES;
				GCC_WARN_UNUSED_VARIABLE = YES;
				IPHONEOS_DEPLOYMENT_TARGET = 13.5;
				MTL_ENABLE_DEBUG_INFO = NO;
				MTL_FAST_MATH = YES;
				SDKROOT = iphoneos;
				SWIFT_COMPILATION_MODE = wholemodule;
				SWIFT_OPTIMIZATION_LEVEL = "-O";
				VALIDATE_PRODUCT = YES;
			};
			name = Release;
		};
		5448B68A24CD99E600546151 /* Debug */ = {
			isa = XCBuildConfiguration;
			baseConfigurationReference = 8F2717DB2BBB68B70C4C48A0 /* Pods-Wassup.debug.xcconfig */;
			buildSettings = {
				ASSETCATALOG_COMPILER_APPICON_NAME = AppIcon;
				CODE_SIGN_STYLE = Automatic;
				INFOPLIST_FILE = Wassup/Info.plist;
				LD_RUNPATH_SEARCH_PATHS = (
					"$(inherited)",
					"@executable_path/Frameworks",
				);
				PRODUCT_BUNDLE_IDENTIFIER = myown.creation.Wassup;
				PRODUCT_NAME = "$(TARGET_NAME)";
				SWIFT_VERSION = 5.0;
				TARGETED_DEVICE_FAMILY = "1,2";
			};
			name = Debug;
		};
		5448B68B24CD99E600546151 /* Release */ = {
			isa = XCBuildConfiguration;
			baseConfigurationReference = 513C76197868A4824F834C88 /* Pods-Wassup.release.xcconfig */;
			buildSettings = {
				ASSETCATALOG_COMPILER_APPICON_NAME = AppIcon;
				CODE_SIGN_STYLE = Automatic;
				INFOPLIST_FILE = Wassup/Info.plist;
				LD_RUNPATH_SEARCH_PATHS = (
					"$(inherited)",
					"@executable_path/Frameworks",
				);
				PRODUCT_BUNDLE_IDENTIFIER = myown.creation.Wassup;
				PRODUCT_NAME = "$(TARGET_NAME)";
				SWIFT_VERSION = 5.0;
				TARGETED_DEVICE_FAMILY = "1,2";
			};
			name = Release;
		};
		5448B68D24CD99E600546151 /* Debug */ = {
			isa = XCBuildConfiguration;
			baseConfigurationReference = ACFE70B01B2CE972CA59491C /* Pods-WassupTests.debug.xcconfig */;
			buildSettings = {
				ALWAYS_EMBED_SWIFT_STANDARD_LIBRARIES = YES;
				BUNDLE_LOADER = "$(TEST_HOST)";
				CODE_SIGN_STYLE = Automatic;
				INFOPLIST_FILE = WassupTests/Info.plist;
				IPHONEOS_DEPLOYMENT_TARGET = 13.5;
				LD_RUNPATH_SEARCH_PATHS = (
					"$(inherited)",
					"@executable_path/Frameworks",
					"@loader_path/Frameworks",
				);
				PRODUCT_BUNDLE_IDENTIFIER = myown.creation.WassupTests;
				PRODUCT_NAME = "$(TARGET_NAME)";
				SWIFT_VERSION = 5.0;
				TARGETED_DEVICE_FAMILY = "1,2";
				TEST_HOST = "$(BUILT_PRODUCTS_DIR)/Wassup.app/Wassup";
			};
			name = Debug;
		};
		5448B68E24CD99E600546151 /* Release */ = {
			isa = XCBuildConfiguration;
			baseConfigurationReference = 9F22AD9BA8AE485A6271BB64 /* Pods-WassupTests.release.xcconfig */;
			buildSettings = {
				ALWAYS_EMBED_SWIFT_STANDARD_LIBRARIES = YES;
				BUNDLE_LOADER = "$(TEST_HOST)";
				CODE_SIGN_STYLE = Automatic;
				INFOPLIST_FILE = WassupTests/Info.plist;
				IPHONEOS_DEPLOYMENT_TARGET = 13.5;
				LD_RUNPATH_SEARCH_PATHS = (
					"$(inherited)",
					"@executable_path/Frameworks",
					"@loader_path/Frameworks",
				);
				PRODUCT_BUNDLE_IDENTIFIER = myown.creation.WassupTests;
				PRODUCT_NAME = "$(TARGET_NAME)";
				SWIFT_VERSION = 5.0;
				TARGETED_DEVICE_FAMILY = "1,2";
				TEST_HOST = "$(BUILT_PRODUCTS_DIR)/Wassup.app/Wassup";
			};
			name = Release;
		};
		5448B69024CD99E600546151 /* Debug */ = {
			isa = XCBuildConfiguration;
			baseConfigurationReference = 8A629B2B578D09EC361C4EE7 /* Pods-Wassup-WassupUITests.debug.xcconfig */;
			buildSettings = {
				ALWAYS_EMBED_SWIFT_STANDARD_LIBRARIES = YES;
				CODE_SIGN_STYLE = Automatic;
				INFOPLIST_FILE = WassupUITests/Info.plist;
				LD_RUNPATH_SEARCH_PATHS = (
					"$(inherited)",
					"@executable_path/Frameworks",
					"@loader_path/Frameworks",
				);
				PRODUCT_BUNDLE_IDENTIFIER = myown.creation.WassupUITests;
				PRODUCT_NAME = "$(TARGET_NAME)";
				SWIFT_VERSION = 5.0;
				TARGETED_DEVICE_FAMILY = "1,2";
				TEST_TARGET_NAME = Wassup;
			};
			name = Debug;
		};
		5448B69124CD99E600546151 /* Release */ = {
			isa = XCBuildConfiguration;
			baseConfigurationReference = 2328580E44733F6884F130DB /* Pods-Wassup-WassupUITests.release.xcconfig */;
			buildSettings = {
				ALWAYS_EMBED_SWIFT_STANDARD_LIBRARIES = YES;
				CODE_SIGN_STYLE = Automatic;
				INFOPLIST_FILE = WassupUITests/Info.plist;
				LD_RUNPATH_SEARCH_PATHS = (
					"$(inherited)",
					"@executable_path/Frameworks",
					"@loader_path/Frameworks",
				);
				PRODUCT_BUNDLE_IDENTIFIER = myown.creation.WassupUITests;
				PRODUCT_NAME = "$(TARGET_NAME)";
				SWIFT_VERSION = 5.0;
				TARGETED_DEVICE_FAMILY = "1,2";
				TEST_TARGET_NAME = Wassup;
			};
			name = Release;
		};
/* End XCBuildConfiguration section */

/* Begin XCConfigurationList section */
		5448B65724CD99E200546151 /* Build configuration list for PBXProject "Wassup" */ = {
			isa = XCConfigurationList;
			buildConfigurations = (
				5448B68724CD99E600546151 /* Debug */,
				5448B68824CD99E600546151 /* Release */,
			);
			defaultConfigurationIsVisible = 0;
			defaultConfigurationName = Release;
		};
		5448B68924CD99E600546151 /* Build configuration list for PBXNativeTarget "Wassup" */ = {
			isa = XCConfigurationList;
			buildConfigurations = (
				5448B68A24CD99E600546151 /* Debug */,
				5448B68B24CD99E600546151 /* Release */,
			);
			defaultConfigurationIsVisible = 0;
			defaultConfigurationName = Release;
		};
		5448B68C24CD99E600546151 /* Build configuration list for PBXNativeTarget "WassupTests" */ = {
			isa = XCConfigurationList;
			buildConfigurations = (
				5448B68D24CD99E600546151 /* Debug */,
				5448B68E24CD99E600546151 /* Release */,
			);
			defaultConfigurationIsVisible = 0;
			defaultConfigurationName = Release;
		};
		5448B68F24CD99E600546151 /* Build configuration list for PBXNativeTarget "WassupUITests" */ = {
			isa = XCConfigurationList;
			buildConfigurations = (
				5448B69024CD99E600546151 /* Debug */,
				5448B69124CD99E600546151 /* Release */,
			);
			defaultConfigurationIsVisible = 0;
			defaultConfigurationName = Release;
		};
/* End XCConfigurationList section */

/* Begin XCVersionGroup section */
		5448B66824CD99E200546151 /* Wassup.xcdatamodeld */ = {
			isa = XCVersionGroup;
			children = (
				5448B66924CD99E200546151 /* Wassup.xcdatamodel */,
			);
			currentVersion = 5448B66924CD99E200546151 /* Wassup.xcdatamodel */;
			path = Wassup.xcdatamodeld;
			sourceTree = "<group>";
			versionGroupType = wrapper.xcdatamodel;
		};
/* End XCVersionGroup section */
	};
	rootObject = 5448B65424CD99E200546151 /* Project object */;
}
